
Microsoft Visual Studio Solution File, Format Version 12.00
# Visual Studio Version 17
VisualStudioVersion = 17.14.37216.2
MinimumVisualStudioVersion = 10.0.40219.1
Project("{FAE04EC0-301F-11D3-BF4B-00C04F79EFBC}") = "Book_Management", "Book_Management\Book_Management.csproj", "{FB708850-9472-48A2-9CFE-7BC4B00477D8}"
EndProject
Project("{FAE04EC0-301F-11D3-BF4B-00C04F79EFBC}") = "Book_Management_2", "Book_Management_2\Book_Management_2.csproj", "{7B15FCE4-5D9C-42EA-81B3-FCC49FC47B14}"
EndProject
Global
	GlobalSection(SolutionConfigurationPlatforms) = preSolution
		Debug|Any CPU = Debug|Any CPU
		Release|Any CPU = Release|Any CPU
	EndGlobalSection
	GlobalSection(ProjectConfigurationPlatforms) = postSolution
		{FB708850-9472-48A2-9CFE-7BC4B00477D8}.Debug|Any CPU.ActiveCfg = Debug|Any CPU
		{FB708850-9472-48A2-9CFE-7BC4B00477D8}.Debug|Any CPU.Build.0 = Debug|Any CPU
		{FB708850-9472-48A2-9CFE-7BC4B00477D8}.Release|Any CPU.ActiveCfg = Release|Any CPU
		{FB708850-9472-48A2-9CFE-7BC4B00477D8}.Release|Any CPU.Build.0 = Release|Any CPU
		{7B15FCE4-5D9C-42EA-81B3-FCC49FC47B14}.Debug|Any CPU.ActiveCfg = Debug|Any CPU
		{7B15FCE4-5D9C-42EA-81B3-FCC49FC47B14}.Debug|Any CPU.Build.0 = Debug|Any CPU
		{7B15FCE4-5D9C-42EA-81B3-FCC49FC47B14}.Release|Any CPU.ActiveCfg = Release|Any CPU
		{7B15FCE4-5D9C-42EA-81B3-FCC49FC47B14}.Release|Any CPU.Build.0 = Release|Any CPU
	EndGlobalSection
	GlobalSection(SolutionProperties) = preSolution
		HideSolutionNode = FALSE
	EndGlobalSection
	GlobalSection(ExtensibilityGlobals) = postSolution
		SolutionGuid = {1FC7923C-ADBD-4BCC-9326-36B0D12A1633}
	EndGlobalSection
EndGlobal
